
Microsoft Visual Studio Solution File, Format Version 12.00
Project("{FAE04EC0-301F-11D3-BF4B-00C04F79EFBC}") = "APBD-kolokwium", "APBD-kolokwium\APBD-kolokwium.csproj", "{6A23E122-9E4E-409E-82A9-287034B30916}"
EndProject
Global
	GlobalSection(SolutionConfigurationPlatforms) = preSolution
		Debug|Any CPU = Debug|Any CPU
		Release|Any CPU = Release|Any CPU
	EndGlobalSection
	GlobalSection(ProjectConfigurationPlatforms) = postSolution
		{6A23E122-9E4E-409E-82A9-287034B30916}.Debug|Any CPU.ActiveCfg = Debug|Any CPU
		{6A23E122-9E4E-409E-82A9-287034B30916}.Debug|Any CPU.Build.0 = Debug|Any CPU
		{6A23E122-9E4E-409E-82A9-287034B30916}.Release|Any CPU.ActiveCfg = Release|Any CPU
		{6A23E122-9E4E-409E-82A9-287034B30916}.Release|Any CPU.Build.0 = Release|Any CPU
	EndGlobalSection
EndGlobal
